
Microsoft Visual Studio Solution File, Format Version 12.00
# Visual Studio Version 17
VisualStudioVersion = 17.3.32901.215
MinimumVisualStudioVersion = 10.0.40219.1
Project("{9A19103F-16F7-4668-BE54-9A1E7A4F7556}") = "AuthorizationServer", "AuthorizationServer\AuthorizationServer.csproj", "{9DF2E90F-48FD-46E5-9127-10BF8431AC76}"
EndProject
Global
	GlobalSection(SolutionConfigurationPlatforms) = preSolution
		Debug|Any CPU = Debug|Any CPU
		Release|Any CPU = Release|Any CPU
	EndGlobalSection
	GlobalSection(ProjectConfigurationPlatforms) = postSolution
		{9DF2E90F-48FD-46E5-9127-10BF8431AC76}.Debug|Any CPU.ActiveCfg = Debug|Any CPU
		{9DF2E90F-48FD-46E5-9127-10BF8431AC76}.Debug|Any CPU.Build.0 = Debug|Any CPU
		{9DF2E90F-48FD-46E5-9127-10BF8431AC76}.Release|Any CPU.ActiveCfg = Release|Any CPU
		{9DF2E90F-48FD-46E5-9127-10BF8431AC76}.Release|Any CPU.Build.0 = Release|Any CPU
	EndGlobalSection
	GlobalSection(SolutionProperties) = preSolution
		HideSolutionNode = FALSE
	EndGlobalSection
	GlobalSection(ExtensibilityGlobals) = postSolution
		SolutionGuid = {02C4BC72-167E-46E1-A1A0-CE03AE9ABBF5}
	EndGlobalSection
EndGlobal
